<Solution>
  <Folder Name="/Core/">
    <Project Path="PreTach.Application/PreTach.Application.csproj" />
    <Project Path="PreTach.Domain/PreTach.Domain.csproj" />
  </Folder>
  <Folder Name="/Infrastructure/">
    <Project Path="PreTach.Persistence/PreTach.Persistence.csproj" />
  </Folder>
  <Folder Name="/Presenters/">
    <Project Path="PreTach.Web/PreTach.Web.csproj" />
  </Folder>
</Solution>
